
Microsoft Visual Studio Solution File, Format Version 12.00
# Visual Studio Version 17
VisualStudioVersion = 17.4.33122.133
MinimumVisualStudioVersion = 10.0.40219.1
Project("{FAE04EC0-301F-11D3-BF4B-00C04F79EFBC}") = "SampleTestApp", "SampleTestApp\SampleTestApp.csproj", "{9DDB1A77-67AE-4F68-9685-D42239BD79A8}"
EndProject
Global
	GlobalSection(SolutionConfigurationPlatforms) = preSolution
		Debug|Any CPU = Debug|Any CPU
		Release|Any CPU = Release|Any CPU
	EndGlobalSection
	GlobalSection(ProjectConfigurationPlatforms) = postSolution
		{9DDB1A77-67AE-4F68-9685-D42239BD79A8}.Debug|Any CPU.ActiveCfg = Debug|Any CPU
		{9DDB1A77-67AE-4F68-9685-D42239BD79A8}.Debug|Any CPU.Build.0 = Debug|Any CPU
		{9DDB1A77-67AE-4F68-9685-D42239BD79A8}.Release|Any CPU.ActiveCfg = Release|Any CPU
		{9DDB1A77-67AE-4F68-9685-D42239BD79A8}.Release|Any CPU.Build.0 = Release|Any CPU
	EndGlobalSection
	GlobalSection(SolutionProperties) = preSolution
		HideSolutionNode = FALSE
	EndGlobalSection
	GlobalSection(ExtensibilityGlobals) = postSolution
		SolutionGuid = {BFAA80A9-41B1-4E81-9A50-2F4009BF6C35}
	EndGlobalSection
EndGlobal
